
Microsoft Visual Studio Solution File, Format Version 12.00
# Visual Studio Version 17
VisualStudioVersion = 17.0.31903.59
MinimumVisualStudioVersion = 10.0.40219.1
Project("{FAE04EC0-301F-11D3-BF4B-00C04F79EFBC}") = "Hch.Worker.Core", "Hch.Worker.Core\Hch.Worker.Core.csproj", "{FDBDECC3-CFF2-4162-9AFA-077957874DD1}"
EndProject
Project("{FAE04EC0-301F-11D3-BF4B-00C04F79EFBC}") = "Hch.Worker.Installer", "Hch.Worker.Installer\Hch.Worker.Installer.csproj", "{99D21499-EA43-409F-AE34-F26DEF99F510}"
EndProject
Project("{FAE04EC0-301F-11D3-BF4B-00C04F79EFBC}") = "Hch.Worker.Persistence", "Hch.Worker.Persistence\Hch.Worker.Persistence.csproj", "{5B3AE1A7-E0ED-482D-8444-EE56C2648B02}"
EndProject
Project("{FAE04EC0-301F-11D3-BF4B-00C04F79EFBC}") = "Hch.Worker.Protocol", "Hch.Worker.Protocol\Hch.Worker.Protocol.csproj", "{0C216A36-C173-4CEC-8773-D6C0AFDEC580}"
EndProject
Project("{FAE04EC0-301F-11D3-BF4B-00C04F79EFBC}") = "Hch.Worker.Security", "Hch.Worker.Security\Hch.Worker.Security.csproj", "{D02BA1C9-3A86-49FC-BC13-2F7A32BB9331}"
EndProject
Project("{FAE04EC0-301F-11D3-BF4B-00C04F79EFBC}") = "Hch.Worker.IPC.Contracts", "Hch.Worker.IPC.Contracts\Hch.Worker.IPC.Contracts.csproj", "{D850227C-19C2-40FC-B88D-027ACCF86BF3}"
EndProject
Project("{FAE04EC0-301F-11D3-BF4B-00C04F79EFBC}") = "Hch.Worker.Ollama", "Hch.Worker.Ollama\Hch.Worker.Ollama.csproj", "{0A242EA7-6440-4C5F-951F-0D5CC367B669}"
EndProject
Project("{FAE04EC0-301F-11D3-BF4B-00C04F79EFBC}") = "Hch.Worker.Service", "Hch.Worker.Service\Hch.Worker.Service.csproj", "{83629CCE-0531-47F3-89B3-47052F4FED92}"
EndProject
Project("{FAE04EC0-301F-11D3-BF4B-00C04F79EFBC}") = "Hch.Worker.Tests", "Hch.Worker.Tests\Hch.Worker.Tests.csproj", "{B075A1B1-57AF-49EC-9C6E-CABB830638A5}"
EndProject
Project("{FAE04EC0-301F-11D3-BF4B-00C04F79EFBC}") = "Hch.Worker.Tray", "Hch.Worker.Tray\Hch.Worker.Tray.csproj", "{2964F69F-E23F-4FAD-84CD-F5D6397659DD}"
EndProject
Project("{FAE04EC0-301F-11D3-BF4B-00C04F79EFBC}") = "Hch.Worker.Windows", "Hch.Worker.Windows\Hch.Worker.Windows.csproj", "{A8B7C6D5-E4F3-4210-9876-5A4B3C2D1E0F}"
EndProject
Global
	GlobalSection(SolutionConfigurationPlatforms) = preSolution
		Debug|Any CPU = Debug|Any CPU
		Debug|x64 = Debug|x64
		Debug|x86 = Debug|x86
		Release|Any CPU = Release|Any CPU
		Release|x64 = Release|x64
		Release|x86 = Release|x86
	EndGlobalSection
	GlobalSection(ProjectConfigurationPlatforms) = postSolution
		{FDBDECC3-CFF2-4162-9AFA-077957874DD1}.Debug|Any CPU.ActiveCfg = Debug|Any CPU
		{FDBDECC3-CFF2-4162-9AFA-077957874DD1}.Debug|Any CPU.Build.0 = Debug|Any CPU
		{FDBDECC3-CFF2-4162-9AFA-077957874DD1}.Debug|x64.ActiveCfg = Debug|Any CPU
		{FDBDECC3-CFF2-4162-9AFA-077957874DD1}.Debug|x64.Build.0 = Debug|Any CPU
		{FDBDECC3-CFF2-4162-9AFA-077957874DD1}.Debug|x86.ActiveCfg = Debug|Any CPU
		{FDBDECC3-CFF2-4162-9AFA-077957874DD1}.Debug|x86.Build.0 = Debug|Any CPU
		{FDBDECC3-CFF2-4162-9AFA-077957874DD1}.Release|Any CPU.ActiveCfg = Release|Any CPU
		{FDBDECC3-CFF2-4162-9AFA-077957874DD1}.Release|Any CPU.Build.0 = Release|Any CPU
		{FDBDECC3-CFF2-4162-9AFA-077957874DD1}.Release|x64.ActiveCfg = Release|Any CPU
		{FDBDECC3-CFF2-4162-9AFA-077957874DD1}.Release|x64.Build.0 = Release|Any CPU
		{FDBDECC3-CFF2-4162-9AFA-077957874DD1}.Release|x86.ActiveCfg = Release|Any CPU
		{FDBDECC3-CFF2-4162-9AFA-077957874DD1}.Release|x86.Build.0 = Release|Any CPU
		{99D21499-EA43-409F-AE34-F26DEF99F510}.Debug|Any CPU.ActiveCfg = Debug|Any CPU
		{99D21499-EA43-409F-AE34-F26DEF99F510}.Debug|Any CPU.Build.0 = Debug|Any CPU
		{99D21499-EA43-409F-AE34-F26DEF99F510}.Debug|x64.ActiveCfg = Debug|Any CPU
		{99D21499-EA43-409F-AE34-F26DEF99F510}.Debug|x64.Build.0 = Debug|Any CPU
		{99D21499-EA43-409F-AE34-F26DEF99F510}.Debug|x86.ActiveCfg = Debug|Any CPU
		{99D21499-EA43-409F-AE34-F26DEF99F510}.Debug|x86.Build.0 = Debug|Any CPU
		{99D21499-EA43-409F-AE34-F26DEF99F510}.Release|Any CPU.ActiveCfg = Release|Any CPU
		{99D21499-EA43-409F-AE34-F26DEF99F510}.Release|Any CPU.Build.0 = Release|Any CPU
		{99D21499-EA43-409F-AE34-F26DEF99F510}.Release|x64.ActiveCfg = Release|Any CPU
		{99D21499-EA43-409F-AE34-F26DEF99F510}.Release|x64.Build.0 = Release|Any CPU
		{99D21499-EA43-409F-AE34-F26DEF99F510}.Release|x86.ActiveCfg = Release|Any CPU
		{99D21499-EA43-409F-AE34-F26DEF99F510}.Release|x86.Build.0 = Release|Any CPU
		{5B3AE1A7-E0ED-482D-8444-EE56C2648B02}.Debug|Any CPU.ActiveCfg = Debug|Any CPU
		{5B3AE1A7-E0ED-482D-8444-EE56C2648B02}.Debug|Any CPU.Build.0 = Debug|Any CPU
		{5B3AE1A7-E0ED-482D-8444-EE56C2648B02}.Debug|x64.ActiveCfg = Debug|Any CPU
		{5B3AE1A7-E0ED-482D-8444-EE56C2648B02}.Debug|x64.Build.0 = Debug|Any CPU
		{5B3AE1A7-E0ED-482D-8444-EE56C2648B02}.Debug|x86.ActiveCfg = Debug|Any CPU
		{5B3AE1A7-E0ED-482D-8444-EE56C2648B02}.Debug|x86.Build.0 = Debug|Any CPU
		{5B3AE1A7-E0ED-482D-8444-EE56C2648B02}.Release|Any CPU.ActiveCfg = Release|Any CPU
		{5B3AE1A7-E0ED-482D-8444-EE56C2648B02}.Release|Any CPU.Build.0 = Release|Any CPU
		{5B3AE1A7-E0ED-482D-8444-EE56C2648B02}.Release|x64.ActiveCfg = Release|Any CPU
		{5B3AE1A7-E0ED-482D-8444-EE56C2648B02}.Release|x64.Build.0 = Release|Any CPU
		{5B3AE1A7-E0ED-482D-8444-EE56C2648B02}.Release|x86.ActiveCfg = Release|Any CPU
		{5B3AE1A7-E0ED-482D-8444-EE56C2648B02}.Release|x86.Build.0 = Release|Any CPU
		{0C216A36-C173-4CEC-8773-D6C0AFDEC580}.Debug|Any CPU.ActiveCfg = Debug|Any CPU
		{0C216A36-C173-4CEC-8773-D6C0AFDEC580}.Debug|Any CPU.Build.0 = Debug|Any CPU
		{0C216A36-C173-4CEC-8773-D6C0AFDEC580}.Debug|x64.ActiveCfg = Debug|Any CPU
		{0C216A36-C173-4CEC-8773-D6C0AFDEC580}.Debug|x64.Build.0 = Debug|Any CPU
		{0C216A36-C173-4CEC-8773-D6C0AFDEC580}.Debug|x86.ActiveCfg = Debug|Any CPU
		{0C216A36-C173-4CEC-8773-D6C0AFDEC580}.Debug|x86.Build.0 = Debug|Any CPU
		{0C216A36-C173-4CEC-8773-D6C0AFDEC580}.Release|Any CPU.ActiveCfg = Release|Any CPU
		{0C216A36-C173-4CEC-8773-D6C0AFDEC580}.Release|Any CPU.Build.0 = Release|Any CPU
		{0C216A36-C173-4CEC-8773-D6C0AFDEC580}.Release|x64.ActiveCfg = Release|Any CPU
		{0C216A36-C173-4CEC-8773-D6C0AFDEC580}.Release|x64.Build.0 = Release|Any CPU
		{0C216A36-C173-4CEC-8773-D6C0AFDEC580}.Release|x86.ActiveCfg = Release|Any CPU
		{0C216A36-C173-4CEC-8773-D6C0AFDEC580}.Release|x86.Build.0 = Release|Any CPU
		{D850227C-19C2-40FC-B88D-027ACCF86BF3}.Debug|Any CPU.ActiveCfg = Debug|Any CPU
		{D850227C-19C2-40FC-B88D-027ACCF86BF3}.Debug|Any CPU.Build.0 = Debug|Any CPU
		{D850227C-19C2-40FC-B88D-027ACCF86BF3}.Debug|x64.ActiveCfg = Debug|Any CPU
		{D850227C-19C2-40FC-B88D-027ACCF86BF3}.Debug|x64.Build.0 = Debug|Any CPU
		{D850227C-19C2-40FC-B88D-027ACCF86BF3}.Debug|x86.ActiveCfg = Debug|Any CPU
		{D850227C-19C2-40FC-B88D-027ACCF86BF3}.Debug|x86.Build.0 = Debug|Any CPU
		{D850227C-19C2-40FC-B88D-027ACCF86BF3}.Release|Any CPU.ActiveCfg = Release|Any CPU
		{D850227C-19C2-40FC-B88D-027ACCF86BF3}.Release|Any CPU.Build.0 = Release|Any CPU
		{D850227C-19C2-40FC-B88D-027ACCF86BF3}.Release|x64.ActiveCfg = Release|Any CPU
		{D850227C-19C2-40FC-B88D-027ACCF86BF3}.Release|x64.Build.0 = Release|Any CPU
		{D850227C-19C2-40FC-B88D-027ACCF86BF3}.Release|x86.ActiveCfg = Release|Any CPU
		{D850227C-19C2-40FC-B88D-027ACCF86BF3}.Release|x86.Build.0 = Release|Any CPU
		{0A242EA7-6440-4C5F-951F-0D5CC367B669}.Debug|Any CPU.ActiveCfg = Debug|Any CPU
		{0A242EA7-6440-4C5F-951F-0D5CC367B669}.Debug|Any CPU.Build.0 = Debug|Any CPU
		{0A242EA7-6440-4C5F-951F-0D5CC367B669}.Debug|x64.ActiveCfg = Debug|Any CPU
		{0A242EA7-6440-4C5F-951F-0D5CC367B669}.Debug|x64.Build.0 = Debug|Any CPU
		{0A242EA7-6440-4C5F-951F-0D5CC367B669}.Debug|x86.ActiveCfg = Debug|Any CPU
		{0A242EA7-6440-4C5F-951F-0D5CC367B669}.Debug|x86.Build.0 = Debug|Any CPU
		{0A242EA7-6440-4C5F-951F-0D5CC367B669}.Release|Any CPU.ActiveCfg = Release|Any CPU
		{0A242EA7-6440-4C5F-951F-0D5CC367B669}.Release|Any CPU.Build.0 = Release|Any CPU
		{0A242EA7-6440-4C5F-951F-0D5CC367B669}.Release|x64.ActiveCfg = Release|Any CPU
		{0A242EA7-6440-4C5F-951F-0D5CC367B669}.Release|x64.Build.0 = Release|Any CPU
		{0A242EA7-6440-4C5F-951F-0D5CC367B669}.Release|x86.ActiveCfg = Release|Any CPU
		{0A242EA7-6440-4C5F-951F-0D5CC367B669}.Release|x86.Build.0 = Release|Any CPU
		{83629CCE-0531-47F3-89B3-47052F4FED92}.Debug|Any CPU.ActiveCfg = Debug|Any CPU
		{83629CCE-0531-47F3-89B3-47052F4FED92}.Debug|Any CPU.Build.0 = Debug|Any CPU
		{83629CCE-0531-47F3-89B3-47052F4FED92}.Debug|x64.ActiveCfg = Debug|Any CPU
		{83629CCE-0531-47F3-89B3-47052F4FED92}.Debug|x64.Build.0 = Debug|Any CPU
		{83629CCE-0531-47F3-89B3-47052F4FED92}.Debug|x86.ActiveCfg = Debug|Any CPU
		{83629CCE-0531-47F3-89B3-47052F4FED92}.Debug|x86.Build.0 = Debug|Any CPU
		{83629CCE-0531-47F3-89B3-47052F4FED92}.Release|Any CPU.ActiveCfg = Release|Any CPU
		{83629CCE-0531-47F3-89B3-47052F4FED92}.Release|Any CPU.Build.0 = Release|Any CPU
		{83629CCE-0531-47F3-89B3-47052F4FED92}.Release|x64.ActiveCfg = Release|Any CPU
		{83629CCE-0531-47F3-89B3-47052F4FED92}.Release|x64.Build.0 = Release|Any CPU
		{83629CCE-0531-47F3-89B3-47052F4FED92}.Release|x86.ActiveCfg = Release|Any CPU
		{83629CCE-0531-47F3-89B3-47052F4FED92}.Release|x86.Build.0 = Release|Any CPU
		{B075A1B1-57AF-49EC-9C6E-CABB830638A5}.Debug|Any CPU.ActiveCfg = Debug|Any CPU
		{B075A1B1-57AF-49EC-9C6E-CABB830638A5}.Debug|Any CPU.Build.0 = Debug|Any CPU
		{B075A1B1-57AF-49EC-9C6E-CABB830638A5}.Debug|x64.ActiveCfg = Debug|Any CPU
		{B075A1B1-57AF-49EC-9C6E-CABB830638A5}.Debug|x64.Build.0 = Debug|Any CPU
		{B075A1B1-57AF-49EC-9C6E-CABB830638A5}.Debug|x86.ActiveCfg = Debug|Any CPU
		{B075A1B1-57AF-49EC-9C6E-CABB830638A5}.Debug|x86.Build.0 = Debug|Any CPU
		{B075A1B1-57AF-49EC-9C6E-CABB830638A5}.Release|Any CPU.ActiveCfg = Release|Any CPU
		{B075A1B1-57AF-49EC-9C6E-CABB830638A5}.Release|Any CPU.Build.0 = Release|Any CPU
		{B075A1B1-57AF-49EC-9C6E-CABB830638A5}.Release|x64.ActiveCfg = Release|Any CPU
		{B075A1B1-57AF-49EC-9C6E-CABB830638A5}.Release|x64.Build.0 = Release|Any CPU
		{B075A1B1-57AF-49EC-9C6E-CABB830638A5}.Release|x86.ActiveCfg = Release|Any CPU
		{B075A1B1-57AF-49EC-9C6E-CABB830638A5}.Release|x86.Build.0 = Release|Any CPU
		{2964F69F-E23F-4FAD-84CD-F5D6397659DD}.Debug|Any CPU.ActiveCfg = Debug|Any CPU
		{2964F69F-E23F-4FAD-84CD-F5D6397659DD}.Debug|Any CPU.Build.0 = Debug|Any CPU
		{2964F69F-E23F-4FAD-84CD-F5D6397659DD}.Debug|x64.ActiveCfg = Debug|Any CPU
		{2964F69F-E23F-4FAD-84CD-F5D6397659DD}.Debug|x64.Build.0 = Debug|Any CPU
		{2964F69F-E23F-4FAD-84CD-F5D6397659DD}.Debug|x86.ActiveCfg = Debug|Any CPU
		{2964F69F-E23F-4FAD-84CD-F5D6397659DD}.Debug|x86.Build.0 = Debug|Any CPU
		{2964F69F-E23F-4FAD-84CD-F5D6397659DD}.Release|Any CPU.ActiveCfg = Release|Any CPU
		{2964F69F-E23F-4FAD-84CD-F5D6397659DD}.Release|Any CPU.Build.0 = Release|Any CPU
		{2964F69F-E23F-4FAD-84CD-F5D6397659DD}.Release|x64.ActiveCfg = Release|Any CPU
		{2964F69F-E23F-4FAD-84CD-F5D6397659DD}.Release|x64.Build.0 = Release|Any CPU
		{2964F69F-E23F-4FAD-84CD-F5D6397659DD}.Release|x86.ActiveCfg = Release|Any CPU
		{2964F69F-E23F-4FAD-84CD-F5D6397659DD}.Release|x86.Build.0 = Release|Any CPU
		{D02BA1C9-3A86-49FC-BC13-2F7A32BB9331}.Debug|Any CPU.ActiveCfg = Debug|Any CPU
		{D02BA1C9-3A86-49FC-BC13-2F7A32BB9331}.Debug|Any CPU.Build.0 = Debug|Any CPU
		{D02BA1C9-3A86-49FC-BC13-2F7A32BB9331}.Debug|x64.ActiveCfg = Debug|Any CPU
		{D02BA1C9-3A86-49FC-BC13-2F7A32BB9331}.Debug|x64.Build.0 = Debug|Any CPU
		{D02BA1C9-3A86-49FC-BC13-2F7A32BB9331}.Debug|x86.ActiveCfg = Debug|Any CPU
		{D02BA1C9-3A86-49FC-BC13-2F7A32BB9331}.Debug|x86.Build.0 = Debug|Any CPU
		{D02BA1C9-3A86-49FC-BC13-2F7A32BB9331}.Release|Any CPU.ActiveCfg = Release|Any CPU
		{D02BA1C9-3A86-49FC-BC13-2F7A32BB9331}.Release|Any CPU.Build.0 = Release|Any CPU
		{D02BA1C9-3A86-49FC-BC13-2F7A32BB9331}.Release|x64.ActiveCfg = Release|Any CPU
		{D02BA1C9-3A86-49FC-BC13-2F7A32BB9331}.Release|x64.Build.0 = Release|Any CPU
		{D02BA1C9-3A86-49FC-BC13-2F7A32BB9331}.Release|x86.ActiveCfg = Release|Any CPU
		{D02BA1C9-3A86-49FC-BC13-2F7A32BB9331}.Release|x86.Build.0 = Release|Any CPU
		{A8B7C6D5-E4F3-4210-9876-5A4B3C2D1E0F}.Debug|Any CPU.ActiveCfg = Debug|Any CPU
		{A8B7C6D5-E4F3-4210-9876-5A4B3C2D1E0F}.Debug|Any CPU.Build.0 = Debug|Any CPU
		{A8B7C6D5-E4F3-4210-9876-5A4B3C2D1E0F}.Debug|x64.ActiveCfg = Debug|Any CPU
		{A8B7C6D5-E4F3-4210-9876-5A4B3C2D1E0F}.Debug|x64.Build.0 = Debug|Any CPU
		{A8B7C6D5-E4F3-4210-9876-5A4B3C2D1E0F}.Debug|x86.ActiveCfg = Debug|Any CPU
		{A8B7C6D5-E4F3-4210-9876-5A4B3C2D1E0F}.Debug|x86.Build.0 = Debug|Any CPU
		{A8B7C6D5-E4F3-4210-9876-5A4B3C2D1E0F}.Release|Any CPU.ActiveCfg = Release|Any CPU
		{A8B7C6D5-E4F3-4210-9876-5A4B3C2D1E0F}.Release|Any CPU.Build.0 = Release|Any CPU
		{A8B7C6D5-E4F3-4210-9876-5A4B3C2D1E0F}.Release|x64.ActiveCfg = Release|Any CPU
		{A8B7C6D5-E4F3-4210-9876-5A4B3C2D1E0F}.Release|x64.Build.0 = Release|Any CPU
		{A8B7C6D5-E4F3-4210-9876-5A4B3C2D1E0F}.Release|x86.ActiveCfg = Release|Any CPU
		{A8B7C6D5-E4F3-4210-9876-5A4B3C2D1E0F}.Release|x86.Build.0 = Release|Any CPU
	EndGlobalSection
	GlobalSection(SolutionProperties) = preSolution
		HideSolutionNode = FALSE
	EndGlobalSection
EndGlobal
